uuid: 244159f8-f29e-4f85-9d46-e23cc7498e4a
langcode: en
status: true
dependencies:
  config:
    - block_content.type.nrcs_call_to_action_block
  module:
    - content_translation
third_party_settings:
  content_translation:
    enabled: false
    bundle_settings:
      untranslatable_fields_hide: '0'
id: block_content.nrcs_call_to_action_block
target_entity_type_id: block_content
target_bundle: nrcs_call_to_action_block
default_langcode: site_default
language_alterable: false
